# This file was autogenerated by Stack.
# You should not edit this file by hand.
# For more information, please see the documentation at:
#   https://docs.haskellstack.org/en/stable/lock_files

packages:
- completed:
    hackage: slack-api-0.12@sha256:7bb8d067d33fdc69011b2bdb64a071873bfcbfe637a736dcaa97d41ef345b735,3463
    pantry-tree:
      size: 2384
      sha256: 1ca64bed931cb3397c9ab15c2316814c6f4992a791308a63a6d6e5ef80c03823
  original:
    hackage: slack-api-0.12
snapshots:
- completed:
    size: 514891
    url: https://raw.githubusercontent.com/commercialhaskell/stackage-snapshots/master/lts/8/13.yaml
    sha256: 3f5895e269aba0d6df16bab41870937b7565532dd8ab5aef3e56ba621d8b70f9
  original: lts-8.13
